
Microsoft Visual Studio Solution File, Format Version 12.00
# Visual Studio 2013
VisualStudioVersion = 12.0.21005.1
MinimumVisualStudioVersion = 10.0.40219.1
Project("{FAE04EC0-301F-11D3-BF4B-00C04F79EFBC}") = "Nop.Plugin.Sitecore.Obec.Prices", "Nop.Plugin.Sitecore.Obec.Prices.csproj", "{A01D5256-5DB3-41DD-8A50-25BF7602203E}"
EndProject
Project("{FAE04EC0-301F-11D3-BF4B-00C04F79EFBC}") = "Nop.Plugin.Sitecore.Obec.Prices.Tests", "Nop.Plugin.Sitecore.Obec.Prices.Tests\Nop.Plugin.Sitecore.Obec.Prices.Tests.csproj", "{4FBB593B-93B8-46B4-B98A-E41EC146167B}"
EndProject
Global
	GlobalSection(SolutionConfigurationPlatforms) = preSolution
		Debug|Any CPU = Debug|Any CPU
		Release|Any CPU = Release|Any CPU
	EndGlobalSection
	GlobalSection(ProjectConfigurationPlatforms) = postSolution
		{A01D5256-5DB3-41DD-8A50-25BF7602203E}.Debug|Any CPU.ActiveCfg = Debug|Any CPU
		{A01D5256-5DB3-41DD-8A50-25BF7602203E}.Debug|Any CPU.Build.0 = Debug|Any CPU
		{A01D5256-5DB3-41DD-8A50-25BF7602203E}.Release|Any CPU.ActiveCfg = Release|Any CPU
		{A01D5256-5DB3-41DD-8A50-25BF7602203E}.Release|Any CPU.Build.0 = Release|Any CPU
		{4FBB593B-93B8-46B4-B98A-E41EC146167B}.Debug|Any CPU.ActiveCfg = Debug|Any CPU
		{4FBB593B-93B8-46B4-B98A-E41EC146167B}.Debug|Any CPU.Build.0 = Debug|Any CPU
		{4FBB593B-93B8-46B4-B98A-E41EC146167B}.Release|Any CPU.ActiveCfg = Release|Any CPU
		{4FBB593B-93B8-46B4-B98A-E41EC146167B}.Release|Any CPU.Build.0 = Release|Any CPU
	EndGlobalSection
	GlobalSection(SolutionProperties) = preSolution
		HideSolutionNode = FALSE
	EndGlobalSection
EndGlobal
