
Microsoft Visual Studio Solution File, Format Version 12.00
# Visual Studio 2013
VisualStudioVersion = 12.0.31101.0
MinimumVisualStudioVersion = 10.0.40219.1
Project("{FAE04EC0-301F-11D3-BF4B-00C04F79EFBC}") = "Nop.Plugin.Sitecore.Obec.Carts.Tests", "Nop.Plugin.Sitecore.Obec.Carts.Tests\Nop.Plugin.Sitecore.Obec.Carts.Tests.csproj", "{0E224C74-09E1-4CFE-8EAD-952C11C81C5E}"
EndProject
Project("{FAE04EC0-301F-11D3-BF4B-00C04F79EFBC}") = "Nop.Plugin.Sitecore.Obec.Carts", "Nop.Plugin.Sitecore.Obec.Carts.csproj", "{FB8F323F-5915-43FD-BABB-7A0C6DA63B10}"
EndProject
Project("{FAE04EC0-301F-11D3-BF4B-00C04F79EFBC}") = "Nop.Plugin.Sitecore.Obec.Common", "..\Nop.Plugin.Sitecore.Obec.Common\Nop.Plugin.Sitecore.Obec.Common.csproj", "{C5D77035-D413-4E3A-BB8F-9AAAB1152E15}"
EndProject
Global
	GlobalSection(SolutionConfigurationPlatforms) = preSolution
		Debug|Any CPU = Debug|Any CPU
		Release|Any CPU = Release|Any CPU
	EndGlobalSection
	GlobalSection(ProjectConfigurationPlatforms) = postSolution
		{0E224C74-09E1-4CFE-8EAD-952C11C81C5E}.Debug|Any CPU.ActiveCfg = Debug|Any CPU
		{0E224C74-09E1-4CFE-8EAD-952C11C81C5E}.Debug|Any CPU.Build.0 = Debug|Any CPU
		{0E224C74-09E1-4CFE-8EAD-952C11C81C5E}.Release|Any CPU.ActiveCfg = Release|Any CPU
		{0E224C74-09E1-4CFE-8EAD-952C11C81C5E}.Release|Any CPU.Build.0 = Release|Any CPU
		{FB8F323F-5915-43FD-BABB-7A0C6DA63B10}.Debug|Any CPU.ActiveCfg = Debug|Any CPU
		{FB8F323F-5915-43FD-BABB-7A0C6DA63B10}.Debug|Any CPU.Build.0 = Debug|Any CPU
		{FB8F323F-5915-43FD-BABB-7A0C6DA63B10}.Release|Any CPU.ActiveCfg = Release|Any CPU
		{FB8F323F-5915-43FD-BABB-7A0C6DA63B10}.Release|Any CPU.Build.0 = Release|Any CPU
		{C5D77035-D413-4E3A-BB8F-9AAAB1152E15}.Debug|Any CPU.ActiveCfg = Debug|Any CPU
		{C5D77035-D413-4E3A-BB8F-9AAAB1152E15}.Debug|Any CPU.Build.0 = Debug|Any CPU
		{C5D77035-D413-4E3A-BB8F-9AAAB1152E15}.Release|Any CPU.ActiveCfg = Release|Any CPU
		{C5D77035-D413-4E3A-BB8F-9AAAB1152E15}.Release|Any CPU.Build.0 = Release|Any CPU
	EndGlobalSection
	GlobalSection(SolutionProperties) = preSolution
		HideSolutionNode = FALSE
	EndGlobalSection
EndGlobal
