
Microsoft Visual Studio Solution File, Format Version 12.00
# Visual Studio 14
VisualStudioVersion = 14.0.25420.1
MinimumVisualStudioVersion = 10.0.40219.1
Project("{FAE04EC0-301F-11D3-BF4B-00C04F79EFBC}") = "Sitecore.Commerce.Nop.Common", "Sitecore.Commerce.Nop.Common\Sitecore.Commerce.Nop.Common.csproj", "{C5D77035-D413-4E3A-BB8F-9AAAB1152E15}"
EndProject
Project("{FAE04EC0-301F-11D3-BF4B-00C04F79EFBC}") = "Sitecore.Commerce.Nop.Carts", "Sitecore.Commerce.Nop.Carts\Sitecore.Commerce.Nop.Carts.csproj", "{FB8F323F-5915-43FD-BABB-7A0C6DA63B10}"
EndProject
Project("{FAE04EC0-301F-11D3-BF4B-00C04F79EFBC}") = "Sitecore.Commerce.Nop.Customers", "Sitecore.Commerce.Nop.Customers\Sitecore.Commerce.Nop.Customers.csproj", "{5DB9581C-6358-469A-BF60-BA4ABAE9B5C6}"
EndProject
Project("{FAE04EC0-301F-11D3-BF4B-00C04F79EFBC}") = "Sitecore.Commerce.Nop.Inventory", "Sitecore.Commerce.Nop.Inventory\Sitecore.Commerce.Nop.Inventory.csproj", "{63068F96-0109-4185-BAB5-D5973E7F3654}"
EndProject
Project("{FAE04EC0-301F-11D3-BF4B-00C04F79EFBC}") = "Sitecore.Commerce.Nop.Orders", "Sitecore.Commerce.Nop.Orders\Sitecore.Commerce.Nop.Orders.csproj", "{53F0F9C9-E48E-4255-8E03-D987823D8F3A}"
EndProject
Project("{FAE04EC0-301F-11D3-BF4B-00C04F79EFBC}") = "Sitecore.Commerce.Nop.Payments", "Sitecore.Commerce.Nop.Payments\Sitecore.Commerce.Nop.Payments.csproj", "{E1AFEF98-5248-4B71-9F5D-8F8E5A8B74C7}"
EndProject
Project("{FAE04EC0-301F-11D3-BF4B-00C04F79EFBC}") = "Sitecore.Commerce.Nop.Prices", "Sitecore.Commerce.Nop.Prices\Sitecore.Commerce.Nop.Prices.csproj", "{A01D5256-5DB3-41DD-8A50-25BF7602203E}"
EndProject
Project("{FAE04EC0-301F-11D3-BF4B-00C04F79EFBC}") = "Sitecore.Commerce.Nop.Products", "Sitecore.Commerce.Nop.Products\Sitecore.Commerce.Nop.Products.csproj", "{D12B4B3A-0D3B-4503-8993-E2E67E25220A}"
EndProject
Project("{FAE04EC0-301F-11D3-BF4B-00C04F79EFBC}") = "Sitecore.Commerce.Nop.Shipping", "Sitecore.Commerce.Nop.Shipping\Sitecore.Commerce.Nop.Shipping.csproj", "{53A97526-6BC5-4A81-93C3-4CE4095ECE48}"
EndProject
Project("{FAE04EC0-301F-11D3-BF4B-00C04F79EFBC}") = "Sitecore.Commerce.Nop.Wishlists", "Sitecore.Commerce.Nop.Wishlists\Sitecore.Commerce.Nop.Wishlists.csproj", "{A6E3529E-6F07-4AC7-8BC6-8C0305C98A88}"
EndProject
Project("{FAE04EC0-301F-11D3-BF4B-00C04F79EFBC}") = "Sitecore.Commerce.Nop.Carts.Tests", "Sitecore.Commerce.Nop.Carts.Tests\Sitecore.Commerce.Nop.Carts.Tests.csproj", "{0E224C74-09E1-4CFE-8EAD-952C11C81C5E}"
EndProject
Project("{FAE04EC0-301F-11D3-BF4B-00C04F79EFBC}") = "Sitecore.Commerce.Nop.Prices.Tests", "Sitecore.Commerce.Nop.Prices.Tests\Sitecore.Commerce.Nop.Prices.Tests.csproj", "{4FBB593B-93B8-46B4-B98A-E41EC146167B}"
EndProject
Project("{FAE04EC0-301F-11D3-BF4B-00C04F79EFBC}") = "Sitecore.Commerce.Nop.Products.Tests", "Sitecore.Commerce.Nop.Products.Tests\Sitecore.Commerce.Nop.Products.Tests.csproj", "{FEB4D8A3-7243-42F8-8FA3-EE50A16A732B}"
EndProject
Project("{FAE04EC0-301F-11D3-BF4B-00C04F79EFBC}") = "Sitecore.Commerce.Nop.Tests", "Sitecore.Commerce.Nop.Tests\Sitecore.Commerce.Nop.Tests.csproj", "{432C7C42-B0D3-4481-B63A-EAF4497190BE}"
EndProject
Project("{FAE04EC0-301F-11D3-BF4B-00C04F79EFBC}") = "Sitecore.Commerce.Nop.Payments.SamplePaymentService", "Sitecore.Commerce.Nop.Payments.SamplePaymentService\Sitecore.Commerce.Nop.Payments.SamplePaymentService.csproj", "{63E235D1-CB09-4BB1-BECD-2E6E3205E9B1}"
EndProject
Global
	GlobalSection(SolutionConfigurationPlatforms) = preSolution
		Debug|Any CPU = Debug|Any CPU
		Release|Any CPU = Release|Any CPU
	EndGlobalSection
	GlobalSection(ProjectConfigurationPlatforms) = postSolution
		{C5D77035-D413-4E3A-BB8F-9AAAB1152E15}.Debug|Any CPU.ActiveCfg = Debug|Any CPU
		{C5D77035-D413-4E3A-BB8F-9AAAB1152E15}.Debug|Any CPU.Build.0 = Debug|Any CPU
		{C5D77035-D413-4E3A-BB8F-9AAAB1152E15}.Release|Any CPU.ActiveCfg = Release|Any CPU
		{C5D77035-D413-4E3A-BB8F-9AAAB1152E15}.Release|Any CPU.Build.0 = Release|Any CPU
		{FB8F323F-5915-43FD-BABB-7A0C6DA63B10}.Debug|Any CPU.ActiveCfg = Debug|Any CPU
		{FB8F323F-5915-43FD-BABB-7A0C6DA63B10}.Debug|Any CPU.Build.0 = Debug|Any CPU
		{FB8F323F-5915-43FD-BABB-7A0C6DA63B10}.Release|Any CPU.ActiveCfg = Release|Any CPU
		{FB8F323F-5915-43FD-BABB-7A0C6DA63B10}.Release|Any CPU.Build.0 = Release|Any CPU
		{5DB9581C-6358-469A-BF60-BA4ABAE9B5C6}.Debug|Any CPU.ActiveCfg = Debug|Any CPU
		{5DB9581C-6358-469A-BF60-BA4ABAE9B5C6}.Debug|Any CPU.Build.0 = Debug|Any CPU
		{5DB9581C-6358-469A-BF60-BA4ABAE9B5C6}.Release|Any CPU.ActiveCfg = Release|Any CPU
		{5DB9581C-6358-469A-BF60-BA4ABAE9B5C6}.Release|Any CPU.Build.0 = Release|Any CPU
		{63068F96-0109-4185-BAB5-D5973E7F3654}.Debug|Any CPU.ActiveCfg = Debug|Any CPU
		{63068F96-0109-4185-BAB5-D5973E7F3654}.Debug|Any CPU.Build.0 = Debug|Any CPU
		{63068F96-0109-4185-BAB5-D5973E7F3654}.Release|Any CPU.ActiveCfg = Release|Any CPU
		{63068F96-0109-4185-BAB5-D5973E7F3654}.Release|Any CPU.Build.0 = Release|Any CPU
		{53F0F9C9-E48E-4255-8E03-D987823D8F3A}.Debug|Any CPU.ActiveCfg = Debug|Any CPU
		{53F0F9C9-E48E-4255-8E03-D987823D8F3A}.Debug|Any CPU.Build.0 = Debug|Any CPU
		{53F0F9C9-E48E-4255-8E03-D987823D8F3A}.Release|Any CPU.ActiveCfg = Release|Any CPU
		{53F0F9C9-E48E-4255-8E03-D987823D8F3A}.Release|Any CPU.Build.0 = Release|Any CPU
		{E1AFEF98-5248-4B71-9F5D-8F8E5A8B74C7}.Debug|Any CPU.ActiveCfg = Debug|Any CPU
		{E1AFEF98-5248-4B71-9F5D-8F8E5A8B74C7}.Debug|Any CPU.Build.0 = Debug|Any CPU
		{E1AFEF98-5248-4B71-9F5D-8F8E5A8B74C7}.Release|Any CPU.ActiveCfg = Release|Any CPU
		{E1AFEF98-5248-4B71-9F5D-8F8E5A8B74C7}.Release|Any CPU.Build.0 = Release|Any CPU
		{A01D5256-5DB3-41DD-8A50-25BF7602203E}.Debug|Any CPU.ActiveCfg = Debug|Any CPU
		{A01D5256-5DB3-41DD-8A50-25BF7602203E}.Debug|Any CPU.Build.0 = Debug|Any CPU
		{A01D5256-5DB3-41DD-8A50-25BF7602203E}.Release|Any CPU.ActiveCfg = Release|Any CPU
		{A01D5256-5DB3-41DD-8A50-25BF7602203E}.Release|Any CPU.Build.0 = Release|Any CPU
		{D12B4B3A-0D3B-4503-8993-E2E67E25220A}.Debug|Any CPU.ActiveCfg = Debug|Any CPU
		{D12B4B3A-0D3B-4503-8993-E2E67E25220A}.Debug|Any CPU.Build.0 = Debug|Any CPU
		{D12B4B3A-0D3B-4503-8993-E2E67E25220A}.Release|Any CPU.ActiveCfg = Release|Any CPU
		{D12B4B3A-0D3B-4503-8993-E2E67E25220A}.Release|Any CPU.Build.0 = Release|Any CPU
		{53A97526-6BC5-4A81-93C3-4CE4095ECE48}.Debug|Any CPU.ActiveCfg = Debug|Any CPU
		{53A97526-6BC5-4A81-93C3-4CE4095ECE48}.Debug|Any CPU.Build.0 = Debug|Any CPU
		{53A97526-6BC5-4A81-93C3-4CE4095ECE48}.Release|Any CPU.ActiveCfg = Release|Any CPU
		{53A97526-6BC5-4A81-93C3-4CE4095ECE48}.Release|Any CPU.Build.0 = Release|Any CPU
		{A6E3529E-6F07-4AC7-8BC6-8C0305C98A88}.Debug|Any CPU.ActiveCfg = Debug|Any CPU
		{A6E3529E-6F07-4AC7-8BC6-8C0305C98A88}.Debug|Any CPU.Build.0 = Debug|Any CPU
		{A6E3529E-6F07-4AC7-8BC6-8C0305C98A88}.Release|Any CPU.ActiveCfg = Release|Any CPU
		{A6E3529E-6F07-4AC7-8BC6-8C0305C98A88}.Release|Any CPU.Build.0 = Release|Any CPU
		{0E224C74-09E1-4CFE-8EAD-952C11C81C5E}.Debug|Any CPU.ActiveCfg = Debug|Any CPU
		{0E224C74-09E1-4CFE-8EAD-952C11C81C5E}.Debug|Any CPU.Build.0 = Debug|Any CPU
		{0E224C74-09E1-4CFE-8EAD-952C11C81C5E}.Release|Any CPU.ActiveCfg = Release|Any CPU
		{0E224C74-09E1-4CFE-8EAD-952C11C81C5E}.Release|Any CPU.Build.0 = Release|Any CPU
		{4FBB593B-93B8-46B4-B98A-E41EC146167B}.Debug|Any CPU.ActiveCfg = Debug|Any CPU
		{4FBB593B-93B8-46B4-B98A-E41EC146167B}.Debug|Any CPU.Build.0 = Debug|Any CPU
		{4FBB593B-93B8-46B4-B98A-E41EC146167B}.Release|Any CPU.ActiveCfg = Release|Any CPU
		{4FBB593B-93B8-46B4-B98A-E41EC146167B}.Release|Any CPU.Build.0 = Release|Any CPU
		{FEB4D8A3-7243-42F8-8FA3-EE50A16A732B}.Debug|Any CPU.ActiveCfg = Debug|Any CPU
		{FEB4D8A3-7243-42F8-8FA3-EE50A16A732B}.Debug|Any CPU.Build.0 = Debug|Any CPU
		{FEB4D8A3-7243-42F8-8FA3-EE50A16A732B}.Release|Any CPU.ActiveCfg = Release|Any CPU
		{FEB4D8A3-7243-42F8-8FA3-EE50A16A732B}.Release|Any CPU.Build.0 = Release|Any CPU
		{432C7C42-B0D3-4481-B63A-EAF4497190BE}.Debug|Any CPU.ActiveCfg = Debug|Any CPU
		{432C7C42-B0D3-4481-B63A-EAF4497190BE}.Debug|Any CPU.Build.0 = Debug|Any CPU
		{432C7C42-B0D3-4481-B63A-EAF4497190BE}.Release|Any CPU.ActiveCfg = Release|Any CPU
		{432C7C42-B0D3-4481-B63A-EAF4497190BE}.Release|Any CPU.Build.0 = Release|Any CPU
		{63E235D1-CB09-4BB1-BECD-2E6E3205E9B1}.Debug|Any CPU.ActiveCfg = Debug|Any CPU
		{63E235D1-CB09-4BB1-BECD-2E6E3205E9B1}.Debug|Any CPU.Build.0 = Debug|Any CPU
		{63E235D1-CB09-4BB1-BECD-2E6E3205E9B1}.Release|Any CPU.ActiveCfg = Release|Any CPU
		{63E235D1-CB09-4BB1-BECD-2E6E3205E9B1}.Release|Any CPU.Build.0 = Release|Any CPU
	EndGlobalSection
	GlobalSection(SolutionProperties) = preSolution
		HideSolutionNode = FALSE
	EndGlobalSection
EndGlobal
